
Microsoft Visual Studio Solution File, Format Version 12.00
# Visual Studio Version 17
VisualStudioVersion = 17.3.32811.315
MinimumVisualStudioVersion = 10.0.40219.1
Project("{FAE04EC0-301F-11D3-BF4B-00C04F79EFBC}") = "Exercicios", "Exercicios\Exercicios.csproj", "{9D16AEB6-F3FD-4F44-B9F9-9E401A2A509C}"
EndProject
Global
	GlobalSection(SolutionConfigurationPlatforms) = preSolution
		Debug|Any CPU = Debug|Any CPU
		Release|Any CPU = Release|Any CPU
	EndGlobalSection
	GlobalSection(ProjectConfigurationPlatforms) = postSolution
		{9D16AEB6-F3FD-4F44-B9F9-9E401A2A509C}.Debug|Any CPU.ActiveCfg = Debug|Any CPU
		{9D16AEB6-F3FD-4F44-B9F9-9E401A2A509C}.Debug|Any CPU.Build.0 = Debug|Any CPU
		{9D16AEB6-F3FD-4F44-B9F9-9E401A2A509C}.Release|Any CPU.ActiveCfg = Release|Any CPU
		{9D16AEB6-F3FD-4F44-B9F9-9E401A2A509C}.Release|Any CPU.Build.0 = Release|Any CPU
	EndGlobalSection
	GlobalSection(SolutionProperties) = preSolution
		HideSolutionNode = FALSE
	EndGlobalSection
	GlobalSection(ExtensibilityGlobals) = postSolution
		SolutionGuid = {F13122B6-81D4-48DD-933E-D22FBFDBF33F}
	EndGlobalSection
EndGlobal
